
Microsoft Visual Studio Solution File, Format Version 12.00
# Visual Studio Version 16
VisualStudioVersion = 16.0.31624.102
MinimumVisualStudioVersion = 10.0.40219.1
Project("{9A19103F-16F7-4668-BE54-9A1E7A4F7556}") = "TL2-TP3", "TL2-TP3\TL2-TP3.csproj", "{3700B3ED-459E-4497-A198-5DC546D17BFD}"
EndProject
Global
	GlobalSection(SolutionConfigurationPlatforms) = preSolution
		Debug|Any CPU = Debug|Any CPU
		Release|Any CPU = Release|Any CPU
	EndGlobalSection
	GlobalSection(ProjectConfigurationPlatforms) = postSolution
		{3700B3ED-459E-4497-A198-5DC546D17BFD}.Debug|Any CPU.ActiveCfg = Debug|Any CPU
		{3700B3ED-459E-4497-A198-5DC546D17BFD}.Debug|Any CPU.Build.0 = Debug|Any CPU
		{3700B3ED-459E-4497-A198-5DC546D17BFD}.Release|Any CPU.ActiveCfg = Release|Any CPU
		{3700B3ED-459E-4497-A198-5DC546D17BFD}.Release|Any CPU.Build.0 = Release|Any CPU
	EndGlobalSection
	GlobalSection(SolutionProperties) = preSolution
		HideSolutionNode = FALSE
	EndGlobalSection
	GlobalSection(ExtensibilityGlobals) = postSolution
		SolutionGuid = {210FC1F9-9486-4C4C-8826-183D2982F8A4}
	EndGlobalSection
EndGlobal
